
Microsoft Visual Studio Solution File, Format Version 12.00
# Visual Studio Version 16
VisualStudioVersion = 16.0.31729.503
MinimumVisualStudioVersion = 10.0.40219.1
Project("{FAE04EC0-301F-11D3-BF4B-00C04F79EFBC}") = "AIN_Detyra4", "AIN_Detyra4\AIN_Detyra4.csproj", "{05D7E9C3-F719-4B39-9D39-59163341FD81}"
EndProject
Global
	GlobalSection(SolutionConfigurationPlatforms) = preSolution
		Debug|Any CPU = Debug|Any CPU
		Release|Any CPU = Release|Any CPU
	EndGlobalSection
	GlobalSection(ProjectConfigurationPlatforms) = postSolution
		{05D7E9C3-F719-4B39-9D39-59163341FD81}.Debug|Any CPU.ActiveCfg = Debug|Any CPU
		{05D7E9C3-F719-4B39-9D39-59163341FD81}.Debug|Any CPU.Build.0 = Debug|Any CPU
		{05D7E9C3-F719-4B39-9D39-59163341FD81}.Release|Any CPU.ActiveCfg = Release|Any CPU
		{05D7E9C3-F719-4B39-9D39-59163341FD81}.Release|Any CPU.Build.0 = Release|Any CPU
	EndGlobalSection
	GlobalSection(SolutionProperties) = preSolution
		HideSolutionNode = FALSE
	EndGlobalSection
	GlobalSection(ExtensibilityGlobals) = postSolution
		SolutionGuid = {2901E397-2980-4E0A-82EF-986552AE51C7}
	EndGlobalSection
EndGlobal
